
Microsoft Visual Studio Solution File, Format Version 12.00
Project("{FAE04EC0-301F-11D3-BF4B-00C04F79EFBC}") = "TyrolSky.Portal", "TyrolSky.Portal\TyrolSky.Portal.csproj", "{699F1365-D6D5-4093-9808-FD2B70715447}"
EndProject
Global
	GlobalSection(SolutionConfigurationPlatforms) = preSolution
		Debug|Any CPU = Debug|Any CPU
		Release|Any CPU = Release|Any CPU
	EndGlobalSection
	GlobalSection(ProjectConfigurationPlatforms) = postSolution
		{699F1365-D6D5-4093-9808-FD2B70715447}.Debug|Any CPU.ActiveCfg = Debug|Any CPU
		{699F1365-D6D5-4093-9808-FD2B70715447}.Debug|Any CPU.Build.0 = Debug|Any CPU
		{699F1365-D6D5-4093-9808-FD2B70715447}.Release|Any CPU.ActiveCfg = Release|Any CPU
		{699F1365-D6D5-4093-9808-FD2B70715447}.Release|Any CPU.Build.0 = Release|Any CPU
	EndGlobalSection
EndGlobal
